
Microsoft Visual Studio Solution File, Format Version 12.00
# Visual Studio Version 17
VisualStudioVersion = 17.11.35303.130
MinimumVisualStudioVersion = 10.0.40219.1
Project("{FAE04EC0-301F-11D3-BF4B-00C04F79EFBC}") = "BlogWebApp", "WebApplication1\BlogWebApp.csproj", "{CB0C83D9-A7E4-4963-BEB1-9A205A1A4EB2}"
EndProject
Project("{2150E333-8FDC-42A3-9474-1A3956D46DE8}") = "Solution Items", "Solution Items", "{5A322006-79BC-4253-A97D-3FCBF0AD5516}"
EndProject
Project("{FAE04EC0-301F-11D3-BF4B-00C04F79EFBC}") = "HashingLibrary", "..\HashingLibrary\HashingLibrary\HashingLibrary.csproj", "{EA811641-695B-4EEA-9571-8EC99885B86A}"
EndProject
Project("{FAE04EC0-301F-11D3-BF4B-00C04F79EFBC}") = "ArticleService", "..\ArticleService\ArticleService\ArticleService.csproj", "{98733543-2274-485F-84BD-D17ACCDB5FB3}"
EndProject
Global
	GlobalSection(SolutionConfigurationPlatforms) = preSolution
		Debug|Any CPU = Debug|Any CPU
		Release|Any CPU = Release|Any CPU
	EndGlobalSection
	GlobalSection(ProjectConfigurationPlatforms) = postSolution
		{CB0C83D9-A7E4-4963-BEB1-9A205A1A4EB2}.Debug|Any CPU.ActiveCfg = Debug|Any CPU
		{CB0C83D9-A7E4-4963-BEB1-9A205A1A4EB2}.Debug|Any CPU.Build.0 = Debug|Any CPU
		{CB0C83D9-A7E4-4963-BEB1-9A205A1A4EB2}.Release|Any CPU.ActiveCfg = Release|Any CPU
		{CB0C83D9-A7E4-4963-BEB1-9A205A1A4EB2}.Release|Any CPU.Build.0 = Release|Any CPU
		{EA811641-695B-4EEA-9571-8EC99885B86A}.Debug|Any CPU.ActiveCfg = Debug|Any CPU
		{EA811641-695B-4EEA-9571-8EC99885B86A}.Debug|Any CPU.Build.0 = Debug|Any CPU
		{EA811641-695B-4EEA-9571-8EC99885B86A}.Release|Any CPU.ActiveCfg = Release|Any CPU
		{EA811641-695B-4EEA-9571-8EC99885B86A}.Release|Any CPU.Build.0 = Release|Any CPU
		{98733543-2274-485F-84BD-D17ACCDB5FB3}.Debug|Any CPU.ActiveCfg = Debug|Any CPU
		{98733543-2274-485F-84BD-D17ACCDB5FB3}.Debug|Any CPU.Build.0 = Debug|Any CPU
		{98733543-2274-485F-84BD-D17ACCDB5FB3}.Release|Any CPU.ActiveCfg = Release|Any CPU
		{98733543-2274-485F-84BD-D17ACCDB5FB3}.Release|Any CPU.Build.0 = Release|Any CPU
	EndGlobalSection
	GlobalSection(SolutionProperties) = preSolution
		HideSolutionNode = FALSE
	EndGlobalSection
	GlobalSection(ExtensibilityGlobals) = postSolution
		SolutionGuid = {3F634682-BF26-4237-95C3-234F5D080223}
	EndGlobalSection
EndGlobal
