
Microsoft Visual Studio Solution File, Format Version 12.00
# Visual Studio Version 17
VisualStudioVersion = 17.11.35303.130
MinimumVisualStudioVersion = 10.0.40219.1
Project("{FAE04EC0-301F-11D3-BF4B-00C04F79EFBC}") = "HashingLibrary", "HashingLibrary\HashingLibrary.csproj", "{EA811641-695B-4EEA-9571-8EC99885B86A}"
EndProject
Global
	GlobalSection(SolutionConfigurationPlatforms) = preSolution
		Debug|Any CPU = Debug|Any CPU
		Release|Any CPU = Release|Any CPU
	EndGlobalSection
	GlobalSection(ProjectConfigurationPlatforms) = postSolution
		{EA811641-695B-4EEA-9571-8EC99885B86A}.Debug|Any CPU.ActiveCfg = Debug|Any CPU
		{EA811641-695B-4EEA-9571-8EC99885B86A}.Debug|Any CPU.Build.0 = Debug|Any CPU
		{EA811641-695B-4EEA-9571-8EC99885B86A}.Release|Any CPU.ActiveCfg = Release|Any CPU
		{EA811641-695B-4EEA-9571-8EC99885B86A}.Release|Any CPU.Build.0 = Release|Any CPU
	EndGlobalSection
	GlobalSection(SolutionProperties) = preSolution
		HideSolutionNode = FALSE
	EndGlobalSection
	GlobalSection(ExtensibilityGlobals) = postSolution
		SolutionGuid = {391C7A2E-0189-4B83-BBE1-E6C3B94310CF}
	EndGlobalSection
EndGlobal
